// !$*UTF8*$!
{
	archiveVersion = 1;
	classes = {
	};
	objectVersion = 50;
	objects = {

/* Begin PBXBuildFile section */
		81FBE073296CAC8000D3F393 /* ViewControllerO.swift in Sources */ = {isa = PBXBuildFile; fileRef = 81FBE072296CAC8000D3F393 /* ViewControllerO.swift */; };
		A8DCC0BB2471818200D35B96 /* AppDelegate.swift in Sources */ = {isa = PBXBuildFile; fileRef = A8DCC0BA2471818200D35B96 /* AppDelegate.swift */; };
		A8DCC0BD2471818200D35B96 /* SceneDelegate.swift in Sources */ = {isa = PBXBuildFile; fileRef = A8DCC0BC2471818200D35B96 /* SceneDelegate.swift */; };
		A8DCC0BF2471818200D35B96 /* ContentView.swift in Sources */ = {isa = PBXBuildFile; fileRef = A8DCC0BE2471818200D35B96 /* ContentView.swift */; };
		A8DCC0C12471818800D35B96 /* Assets.xcassets in Resources */ = {isa = PBXBuildFile; fileRef = A8DCC0C02471818800D35B96 /* Assets.xcassets */; };
		A8DCC0C42471818800D35B96 /* Preview Assets.xcassets in Resources */ = {isa = PBXBuildFile; fileRef = A8DCC0C32471818800D35B96 /* Preview Assets.xcassets */; };
		A8DCC0C72471818800D35B96 /* LaunchScreen.storyboard in Resources */ = {isa = PBXBuildFile; fileRef = A8DCC0C52471818800D35B96 /* LaunchScreen.storyboard */; };
		A8DCC0D22471818800D35B96 /* DimichordTests.swift in Sources */ = {isa = PBXBuildFile; fileRef = A8DCC0D12471818800D35B96 /* DimichordTests.swift */; };
		A8DCC0DD2471818800D35B96 /* DimichordUITests.swift in Sources */ = {isa = PBXBuildFile; fileRef = A8DCC0DC2471818800D35B96 /* DimichordUITests.swift */; };
		A8DCC0EB2471AAA300D35B96 /* ViewController.swift in Sources */ = {isa = PBXBuildFile; fileRef = A8DCC0EA2471AAA300D35B96 /* ViewController.swift */; };
		A8DCC0EE2471E23800D35B96 /* ChordTable.swift in Sources */ = {isa = PBXBuildFile; fileRef = A8DCC0EC2471E23800D35B96 /* ChordTable.swift */; };
		A8DCC0EF2471E23800D35B96 /* MusicUtil.swift in Sources */ = {isa = PBXBuildFile; fileRef = A8DCC0ED2471E23800D35B96 /* MusicUtil.swift */; };
		A8DCC0F32471FECC00D35B96 /* VirtualMidiSource.m in Sources */ = {isa = PBXBuildFile; fileRef = A8DCC0F22471FECC00D35B96 /* VirtualMidiSource.m */; };
		A8DCC109247407ED00D35B96 /* HSL.swift in Sources */ = {isa = PBXBuildFile; fileRef = A8DCC0FA247407ED00D35B96 /* HSL.swift */; };
		A8DCC10A247407ED00D35B96 /* DynamicColor+Lab.swift in Sources */ = {isa = PBXBuildFile; fileRef = A8DCC0FB247407ED00D35B96 /* DynamicColor+Lab.swift */; };
		A8DCC10B247407ED00D35B96 /* DynamicColor+Deriving.swift in Sources */ = {isa = PBXBuildFile; fileRef = A8DCC0FC247407ED00D35B96 /* DynamicColor+Deriving.swift */; };
		A8DCC10C247407ED00D35B96 /* Array.swift in Sources */ = {isa = PBXBuildFile; fileRef = A8DCC0FD247407ED00D35B96 /* Array.swift */; };
		A8DCC10D247407ED00D35B96 /* SwiftUIColor.swift in Sources */ = {isa = PBXBuildFile; fileRef = A8DCC0FE247407ED00D35B96 /* SwiftUIColor.swift */; };
		A8DCC10E247407ED00D35B96 /* DynamicGradient.swift in Sources */ = {isa = PBXBuildFile; fileRef = A8DCC0FF247407ED00D35B96 /* DynamicGradient.swift */; };
		A8DCC10F247407ED00D35B96 /* DynamicColor+HSL.swift in Sources */ = {isa = PBXBuildFile; fileRef = A8DCC100247407ED00D35B96 /* DynamicColor+HSL.swift */; };
		A8DCC110247407ED00D35B96 /* DynamicColor+XYZ.swift in Sources */ = {isa = PBXBuildFile; fileRef = A8DCC101247407ED00D35B96 /* DynamicColor+XYZ.swift */; };
		A8DCC111247407ED00D35B96 /* DynamicColor+HSB.swift in Sources */ = {isa = PBXBuildFile; fileRef = A8DCC102247407ED00D35B96 /* DynamicColor+HSB.swift */; };
		A8DCC112247407ED00D35B96 /* DynamicColor.swift in Sources */ = {isa = PBXBuildFile; fileRef = A8DCC103247407ED00D35B96 /* DynamicColor.swift */; };
		A8DCC113247407ED00D35B96 /* DynamicColor+Mixing.swift in Sources */ = {isa = PBXBuildFile; fileRef = A8DCC104247407ED00D35B96 /* DynamicColor+Mixing.swift */; };
		A8DCC114247407ED00D35B96 /* Utils.swift in Sources */ = {isa = PBXBuildFile; fileRef = A8DCC105247407ED00D35B96 /* Utils.swift */; };
		A8DCC115247407ED00D35B96 /* ContrastDisplayContext.swift in Sources */ = {isa = PBXBuildFile; fileRef = A8DCC106247407ED00D35B96 /* ContrastDisplayContext.swift */; };
		A8DCC116247407ED00D35B96 /* DynamicColorSpace.swift in Sources */ = {isa = PBXBuildFile; fileRef = A8DCC107247407ED00D35B96 /* DynamicColorSpace.swift */; };
		A8DCC117247407ED00D35B96 /* DynamicColor+RGBA.swift in Sources */ = {isa = PBXBuildFile; fileRef = A8DCC108247407ED00D35B96 /* DynamicColor+RGBA.swift */; };
/* End PBXBuildFile section */

/* Begin PBXContainerItemProxy section */
		A8DCC0CE2471818800D35B96 /* PBXContainerItemProxy */ = {
			isa = PBXContainerItemProxy;
			containerPortal = A8DCC0AF2471818200D35B96 /* Project object */;
			proxyType = 1;
			remoteGlobalIDString = A8DCC0B62471818200D35B96;
			remoteInfo = Dimichord;
		};
		A8DCC0D92471818800D35B96 /* PBXContainerItemProxy */ = {
			isa = PBXContainerItemProxy;
			containerPortal = A8DCC0AF2471818200D35B96 /* Project object */;
			proxyType = 1;
			remoteGlobalIDString = A8DCC0B62471818200D35B96;
			remoteInfo = Dimichord;
		};
/* End PBXContainerItemProxy section */

/* Begin PBXFileReference section */
		81FBE072296CAC8000D3F393 /* ViewControllerO.swift */ = {isa = PBXFileReference; lastKnownFileType = sourcecode.swift; path = ViewControllerO.swift; sourceTree = "<group>"; };
		A8DCC0B72471818200D35B96 /* Dimichord.app */ = {isa = PBXFileReference; explicitFileType = wrapper.application; includeInIndex = 0; path = Dimichord.app; sourceTree = BUILT_PRODUCTS_DIR; };
		A8DCC0BA2471818200D35B96 /* AppDelegate.swift */ = {isa = PBXFileReference; lastKnownFileType = sourcecode.swift; path = AppDelegate.swift; sourceTree = "<group>"; };
		A8DCC0BC2471818200D35B96 /* SceneDelegate.swift */ = {isa = PBXFileReference; lastKnownFileType = sourcecode.swift; path = SceneDelegate.swift; sourceTree = "<group>"; };
		A8DCC0BE2471818200D35B96 /* ContentView.swift */ = {isa = PBXFileReference; lastKnownFileType = sourcecode.swift; path = ContentView.swift; sourceTree = "<group>"; };
		A8DCC0C02471818800D35B96 /* Assets.xcassets */ = {isa = PBXFileReference; lastKnownFileType = folder.assetcatalog; path = Assets.xcassets; sourceTree = "<group>"; };
		A8DCC0C32471818800D35B96 /* Preview Assets.xcassets */ = {isa = PBXFileReference; lastKnownFileType = folder.assetcatalog; path = "Preview Assets.xcassets"; sourceTree = "<group>"; };
		A8DCC0C62471818800D35B96 /* Base */ = {isa = PBXFileReference; lastKnownFileType = file.storyboard; name = Base; path = Base.lproj/LaunchScreen.storyboard; sourceTree = "<group>"; };
		A8DCC0C82471818800D35B96 /* Info.plist */ = {isa = PBXFileReference; lastKnownFileType = text.plist.xml; path = Info.plist; sourceTree = "<group>"; };
		A8DCC0CD2471818800D35B96 /* DimichordTests.xctest */ = {isa = PBXFileReference; explicitFileType = wrapper.cfbundle; includeInIndex = 0; path = DimichordTests.xctest; sourceTree = BUILT_PRODUCTS_DIR; };
		A8DCC0D12471818800D35B96 /* DimichordTests.swift */ = {isa = PBXFileReference; lastKnownFileType = sourcecode.swift; path = DimichordTests.swift; sourceTree = "<group>"; };
		A8DCC0D32471818800D35B96 /* Info.plist */ = {isa = PBXFileReference; lastKnownFileType = text.plist.xml; path = Info.plist; sourceTree = "<group>"; };
		A8DCC0D82471818800D35B96 /* DimichordUITests.xctest */ = {isa = PBXFileReference; explicitFileType = wrapper.cfbundle; includeInIndex = 0; path = DimichordUITests.xctest; sourceTree = BUILT_PRODUCTS_DIR; };
		A8DCC0DC2471818800D35B96 /* DimichordUITests.swift */ = {isa = PBXFileReference; lastKnownFileType = sourcecode.swift; path = DimichordUITests.swift; sourceTree = "<group>"; };
		A8DCC0DE2471818800D35B96 /* Info.plist */ = {isa = PBXFileReference; lastKnownFileType = text.plist.xml; path = Info.plist; sourceTree = "<group>"; };
		A8DCC0EA2471AAA300D35B96 /* ViewController.swift */ = {isa = PBXFileReference; lastKnownFileType = sourcecode.swift; path = ViewController.swift; sourceTree = "<group>"; };
		A8DCC0EC2471E23800D35B96 /* ChordTable.swift */ = {isa = PBXFileReference; fileEncoding = 4; lastKnownFileType = sourcecode.swift; path = ChordTable.swift; sourceTree = "<group>"; };
		A8DCC0ED2471E23800D35B96 /* MusicUtil.swift */ = {isa = PBXFileReference; fileEncoding = 4; lastKnownFileType = sourcecode.swift; path = MusicUtil.swift; sourceTree = "<group>"; };
		A8DCC0F02471FECB00D35B96 /* Dimichord-Bridging-Header.h */ = {isa = PBXFileReference; lastKnownFileType = sourcecode.c.h; path = "Dimichord-Bridging-Header.h"; sourceTree = "<group>"; };
		A8DCC0F12471FECC00D35B96 /* VirtualMidiSource.h */ = {isa = PBXFileReference; fileEncoding = 4; lastKnownFileType = sourcecode.c.h; path = VirtualMidiSource.h; sourceTree = "<group>"; };
		A8DCC0F22471FECC00D35B96 /* VirtualMidiSource.m */ = {isa = PBXFileReference; fileEncoding = 4; lastKnownFileType = sourcecode.c.objc; path = VirtualMidiSource.m; sourceTree = "<group>"; };
		A8DCC0FA247407ED00D35B96 /* HSL.swift */ = {isa = PBXFileReference; fileEncoding = 4; lastKnownFileType = sourcecode.swift; path = HSL.swift; sourceTree = "<group>"; };
		A8DCC0FB247407ED00D35B96 /* DynamicColor+Lab.swift */ = {isa = PBXFileReference; fileEncoding = 4; lastKnownFileType = sourcecode.swift; path = "DynamicColor+Lab.swift"; sourceTree = "<group>"; };
		A8DCC0FC247407ED00D35B96 /* DynamicColor+Deriving.swift */ = {isa = PBXFileReference; fileEncoding = 4; lastKnownFileType = sourcecode.swift; path = "DynamicColor+Deriving.swift"; sourceTree = "<group>"; };
		A8DCC0FD247407ED00D35B96 /* Array.swift */ = {isa = PBXFileReference; fileEncoding = 4; lastKnownFileType = sourcecode.swift; path = Array.swift; sourceTree = "<group>"; };
		A8DCC0FE247407ED00D35B96 /* SwiftUIColor.swift */ = {isa = PBXFileReference; fileEncoding = 4; lastKnownFileType = sourcecode.swift; path = SwiftUIColor.swift; sourceTree = "<group>"; };
		A8DCC0FF247407ED00D35B96 /* DynamicGradient.swift */ = {isa = PBXFileReference; fileEncoding = 4; lastKnownFileType = sourcecode.swift; path = DynamicGradient.swift; sourceTree = "<group>"; };
		A8DCC100247407ED00D35B96 /* DynamicColor+HSL.swift */ = {isa = PBXFileReference; fileEncoding = 4; lastKnownFileType = sourcecode.swift; path = "DynamicColor+HSL.swift"; sourceTree = "<group>"; };
		A8DCC101247407ED00D35B96 /* DynamicColor+XYZ.swift */ = {isa = PBXFileReference; fileEncoding = 4; lastKnownFileType = sourcecode.swift; path = "DynamicColor+XYZ.swift"; sourceTree = "<group>"; };
		A8DCC102247407ED00D35B96 /* DynamicColor+HSB.swift */ = {isa = PBXFileReference; fileEncoding = 4; lastKnownFileType = sourcecode.swift; path = "DynamicColor+HSB.swift"; sourceTree = "<group>"; };
		A8DCC103247407ED00D35B96 /* DynamicColor.swift */ = {isa = PBXFileReference; fileEncoding = 4; lastKnownFileType = sourcecode.swift; path = DynamicColor.swift; sourceTree = "<group>"; };
		A8DCC104247407ED00D35B96 /* DynamicColor+Mixing.swift */ = {isa = PBXFileReference; fileEncoding = 4; lastKnownFileType = sourcecode.swift; path = "DynamicColor+Mixing.swift"; sourceTree = "<group>"; };
		A8DCC105247407ED00D35B96 /* Utils.swift */ = {isa = PBXFileReference; fileEncoding = 4; lastKnownFileType = sourcecode.swift; path = Utils.swift; sourceTree = "<group>"; };
		A8DCC106247407ED00D35B96 /* ContrastDisplayContext.swift */ = {isa = PBXFileReference; fileEncoding = 4; lastKnownFileType = sourcecode.swift; path = ContrastDisplayContext.swift; sourceTree = "<group>"; };
		A8DCC107247407ED00D35B96 /* DynamicColorSpace.swift */ = {isa = PBXFileReference; fileEncoding = 4; lastKnownFileType = sourcecode.swift; path = DynamicColorSpace.swift; sourceTree = "<group>"; };
		A8DCC108247407ED00D35B96 /* DynamicColor+RGBA.swift */ = {isa = PBXFileReference; fileEncoding = 4; lastKnownFileType = sourcecode.swift; path = "DynamicColor+RGBA.swift"; sourceTree = "<group>"; };
/* End PBXFileReference section */

/* Begin PBXFrameworksBuildPhase section */
		A8DCC0B42471818200D35B96 /* Frameworks */ = {
			isa = PBXFrameworksBuildPhase;
			buildActionMask = 2147483647;
			files = (
			);
			runOnlyForDeploymentPostprocessing = 0;
		};
		A8DCC0CA2471818800D35B96 /* Frameworks */ = {
			isa = PBXFrameworksBuildPhase;
			buildActionMask = 2147483647;
			files = (
			);
			runOnlyForDeploymentPostprocessing = 0;
		};
		A8DCC0D52471818800D35B96 /* Frameworks */ = {
			isa = PBXFrameworksBuildPhase;
			buildActionMask = 2147483647;
			files = (
			);
			runOnlyForDeploymentPostprocessing = 0;
		};
/* End PBXFrameworksBuildPhase section */

/* Begin PBXGroup section */
		A8DCC0AE2471818200D35B96 = {
			isa = PBXGroup;
			children = (
				A8DCC0B92471818200D35B96 /* Dimichord */,
				A8DCC0D02471818800D35B96 /* DimichordTests */,
				A8DCC0DB2471818800D35B96 /* DimichordUITests */,
				A8DCC0B82471818200D35B96 /* Products */,
			);
			sourceTree = "<group>";
		};
		A8DCC0B82471818200D35B96 /* Products */ = {
			isa = PBXGroup;
			children = (
				A8DCC0B72471818200D35B96 /* Dimichord.app */,
				A8DCC0CD2471818800D35B96 /* DimichordTests.xctest */,
				A8DCC0D82471818800D35B96 /* DimichordUITests.xctest */,
			);
			name = Products;
			sourceTree = "<group>";
		};
		A8DCC0B92471818200D35B96 /* Dimichord */ = {
			isa = PBXGroup;
			children = (
				A8DCC0F9247407ED00D35B96 /* DynamicColors */,
				A8DCC0F12471FECC00D35B96 /* VirtualMidiSource.h */,
				A8DCC0F22471FECC00D35B96 /* VirtualMidiSource.m */,
				A8DCC0EC2471E23800D35B96 /* ChordTable.swift */,
				A8DCC0ED2471E23800D35B96 /* MusicUtil.swift */,
				A8DCC0BA2471818200D35B96 /* AppDelegate.swift */,
				A8DCC0BC2471818200D35B96 /* SceneDelegate.swift */,
				A8DCC0BE2471818200D35B96 /* ContentView.swift */,
				A8DCC0C02471818800D35B96 /* Assets.xcassets */,
				A8DCC0C52471818800D35B96 /* LaunchScreen.storyboard */,
				A8DCC0C82471818800D35B96 /* Info.plist */,
				A8DCC0C22471818800D35B96 /* Preview Content */,
				A8DCC0EA2471AAA300D35B96 /* ViewController.swift */,
				81FBE072296CAC8000D3F393 /* ViewControllerO.swift */,
				A8DCC0F02471FECB00D35B96 /* Dimichord-Bridging-Header.h */,
			);
			path = Dimichord;
			sourceTree = "<group>";
		};
		A8DCC0C22471818800D35B96 /* Preview Content */ = {
			isa = PBXGroup;
			children = (
				A8DCC0C32471818800D35B96 /* Preview Assets.xcassets */,
			);
			path = "Preview Content";
			sourceTree = "<group>";
		};
		A8DCC0D02471818800D35B96 /* DimichordTests */ = {
			isa = PBXGroup;
			children = (
				A8DCC0D12471818800D35B96 /* DimichordTests.swift */,
				A8DCC0D32471818800D35B96 /* Info.plist */,
			);
			path = DimichordTests;
			sourceTree = "<group>";
		};
		A8DCC0DB2471818800D35B96 /* DimichordUITests */ = {
			isa = PBXGroup;
			children = (
				A8DCC0DC2471818800D35B96 /* DimichordUITests.swift */,
				A8DCC0DE2471818800D35B96 /* Info.plist */,
			);
			path = DimichordUITests;
			sourceTree = "<group>";
		};
		A8DCC0F9247407ED00D35B96 /* DynamicColors */ = {
			isa = PBXGroup;
			children = (
				A8DCC0FA247407ED00D35B96 /* HSL.swift */,
				A8DCC0FB247407ED00D35B96 /* DynamicColor+Lab.swift */,
				A8DCC0FC247407ED00D35B96 /* DynamicColor+Deriving.swift */,
				A8DCC0FD247407ED00D35B96 /* Array.swift */,
				A8DCC0FE247407ED00D35B96 /* SwiftUIColor.swift */,
				A8DCC0FF247407ED00D35B96 /* DynamicGradient.swift */,
				A8DCC100247407ED00D35B96 /* DynamicColor+HSL.swift */,
				A8DCC101247407ED00D35B96 /* DynamicColor+XYZ.swift */,
				A8DCC102247407ED00D35B96 /* DynamicColor+HSB.swift */,
				A8DCC103247407ED00D35B96 /* DynamicColor.swift */,
				A8DCC104247407ED00D35B96 /* DynamicColor+Mixing.swift */,
				A8DCC105247407ED00D35B96 /* Utils.swift */,
				A8DCC106247407ED00D35B96 /* ContrastDisplayContext.swift */,
				A8DCC107247407ED00D35B96 /* DynamicColorSpace.swift */,
				A8DCC108247407ED00D35B96 /* DynamicColor+RGBA.swift */,
			);
			path = DynamicColors;
			sourceTree = "<group>";
		};
/* End PBXGroup section */

/* Begin PBXNativeTarget section */
		A8DCC0B62471818200D35B96 /* Dimichord */ = {
			isa = PBXNativeTarget;
			buildConfigurationList = A8DCC0E12471818800D35B96 /* Build configuration list for PBXNativeTarget "Dimichord" */;
			buildPhases = (
				A8DCC0B32471818200D35B96 /* Sources */,
				A8DCC0B42471818200D35B96 /* Frameworks */,
				A8DCC0B52471818200D35B96 /* Resources */,
			);
			buildRules = (
			);
			dependencies = (
			);
			name = Dimichord;
			productName = Dimichord;
			productReference = A8DCC0B72471818200D35B96 /* Dimichord.app */;
			productType = "com.apple.product-type.application";
		};
		A8DCC0CC2471818800D35B96 /* DimichordTests */ = {
			isa = PBXNativeTarget;
			buildConfigurationList = A8DCC0E42471818800D35B96 /* Build configuration list for PBXNativeTarget "DimichordTests" */;
			buildPhases = (
				A8DCC0C92471818800D35B96 /* Sources */,
				A8DCC0CA2471818800D35B96 /* Frameworks */,
				A8DCC0CB2471818800D35B96 /* Resources */,
			);
			buildRules = (
			);
			dependencies = (
				A8DCC0CF2471818800D35B96 /* PBXTargetDependency */,
			);
			name = DimichordTests;
			productName = DimichordTests;
			productReference = A8DCC0CD2471818800D35B96 /* DimichordTests.xctest */;
			productType = "com.apple.product-type.bundle.unit-test";
		};
		A8DCC0D72471818800D35B96 /* DimichordUITests */ = {
			isa = PBXNativeTarget;
			buildConfigurationList = A8DCC0E72471818800D35B96 /* Build configuration list for PBXNativeTarget "DimichordUITests" */;
			buildPhases = (
				A8DCC0D42471818800D35B96 /* Sources */,
				A8DCC0D52471818800D35B96 /* Frameworks */,
				A8DCC0D62471818800D35B96 /* Resources */,
			);
			buildRules = (
			);
			dependencies = (
				A8DCC0DA2471818800D35B96 /* PBXTargetDependency */,
			);
			name = DimichordUITests;
			productName = DimichordUITests;
			productReference = A8DCC0D82471818800D35B96 /* DimichordUITests.xctest */;
			productType = "com.apple.product-type.bundle.ui-testing";
		};
/* End PBXNativeTarget section */

/* Begin PBXProject section */
		A8DCC0AF2471818200D35B96 /* Project object */ = {
			isa = PBXProject;
			attributes = {
				LastSwiftUpdateCheck = 1140;
				LastUpgradeCheck = 1200;
				ORGANIZATIONNAME = "Vinicius Mello";
				TargetAttributes = {
					A8DCC0B62471818200D35B96 = {
						CreatedOnToolsVersion = 11.4.1;
						LastSwiftMigration = 1140;
					};
					A8DCC0CC2471818800D35B96 = {
						CreatedOnToolsVersion = 11.4.1;
						TestTargetID = A8DCC0B62471818200D35B96;
					};
					A8DCC0D72471818800D35B96 = {
						CreatedOnToolsVersion = 11.4.1;
						TestTargetID = A8DCC0B62471818200D35B96;
					};
				};
			};
			buildConfigurationList = A8DCC0B22471818200D35B96 /* Build configuration list for PBXProject "Dimichord" */;
			compatibilityVersion = "Xcode 9.3";
			developmentRegion = en;
			hasScannedForEncodings = 0;
			knownRegions = (
				en,
				Base,
			);
			mainGroup = A8DCC0AE2471818200D35B96;
			productRefGroup = A8DCC0B82471818200D35B96 /* Products */;
			projectDirPath = "";
			projectRoot = "";
			targets = (
				A8DCC0B62471818200D35B96 /* Dimichord */,
				A8DCC0CC2471818800D35B96 /* DimichordTests */,
				A8DCC0D72471818800D35B96 /* DimichordUITests */,
			);
		};
/* End PBXProject section */

/* Begin PBXResourcesBuildPhase section */
		A8DCC0B52471818200D35B96 /* Resources */ = {
			isa = PBXResourcesBuildPhase;
			buildActionMask = 2147483647;
			files = (
				A8DCC0C72471818800D35B96 /* LaunchScreen.storyboard in Resources */,
				A8DCC0C42471818800D35B96 /* Preview Assets.xcassets in Resources */,
				A8DCC0C12471818800D35B96 /* Assets.xcassets in Resources */,
			);
			runOnlyForDeploymentPostprocessing = 0;
		};
		A8DCC0CB2471818800D35B96 /* Resources */ = {
			isa = PBXResourcesBuildPhase;
			buildActionMask = 2147483647;
			files = (
			);
			runOnlyForDeploymentPostprocessing = 0;
		};
		A8DCC0D62471818800D35B96 /* Resources */ = {
			isa = PBXResourcesBuildPhase;
			buildActionMask = 2147483647;
			files = (
			);
			runOnlyForDeploymentPostprocessing = 0;
		};
/* End PBXResourcesBuildPhase section */

/* Begin PBXSourcesBuildPhase section */
		A8DCC0B32471818200D35B96 /* Sources */ = {
			isa = PBXSourcesBuildPhase;
			buildActionMask = 2147483647;
			files = (
				A8DCC0F32471FECC00D35B96 /* VirtualMidiSource.m in Sources */,
				A8DCC10F247407ED00D35B96 /* DynamicColor+HSL.swift in Sources */,
				A8DCC0BB2471818200D35B96 /* AppDelegate.swift in Sources */,
				A8DCC0BD2471818200D35B96 /* SceneDelegate.swift in Sources */,
				A8DCC115247407ED00D35B96 /* ContrastDisplayContext.swift in Sources */,
				A8DCC109247407ED00D35B96 /* HSL.swift in Sources */,
				81FBE073296CAC8000D3F393 /* ViewControllerO.swift in Sources */,
				A8DCC0EB2471AAA300D35B96 /* ViewController.swift in Sources */,
				A8DCC110247407ED00D35B96 /* DynamicColor+XYZ.swift in Sources */,
				A8DCC10B247407ED00D35B96 /* DynamicColor+Deriving.swift in Sources */,
				A8DCC10C247407ED00D35B96 /* Array.swift in Sources */,
				A8DCC10D247407ED00D35B96 /* SwiftUIColor.swift in Sources */,
				A8DCC10A247407ED00D35B96 /* DynamicColor+Lab.swift in Sources */,
				A8DCC113247407ED00D35B96 /* DynamicColor+Mixing.swift in Sources */,
				A8DCC116247407ED00D35B96 /* DynamicColorSpace.swift in Sources */,
				A8DCC0EF2471E23800D35B96 /* MusicUtil.swift in Sources */,
				A8DCC117247407ED00D35B96 /* DynamicColor+RGBA.swift in Sources */,
				A8DCC0BF2471818200D35B96 /* ContentView.swift in Sources */,
				A8DCC112247407ED00D35B96 /* DynamicColor.swift in Sources */,
				A8DCC111247407ED00D35B96 /* DynamicColor+HSB.swift in Sources */,
				A8DCC10E247407ED00D35B96 /* DynamicGradient.swift in Sources */,
				A8DCC114247407ED00D35B96 /* Utils.swift in Sources */,
				A8DCC0EE2471E23800D35B96 /* ChordTable.swift in Sources */,
			);
			runOnlyForDeploymentPostprocessing = 0;
		};
		A8DCC0C92471818800D35B96 /* Sources */ = {
			isa = PBXSourcesBuildPhase;
			buildActionMask = 2147483647;
			files = (
				A8DCC0D22471818800D35B96 /* DimichordTests.swift in Sources */,
			);
			runOnlyForDeploymentPostprocessing = 0;
		};
		A8DCC0D42471818800D35B96 /* Sources */ = {
			isa = PBXSourcesBuildPhase;
			buildActionMask = 2147483647;
			files = (
				A8DCC0DD2471818800D35B96 /* DimichordUITests.swift in Sources */,
			);
			runOnlyForDeploymentPostprocessing = 0;
		};
/* End PBXSourcesBuildPhase section */

/* Begin PBXTargetDependency section */
		A8DCC0CF2471818800D35B96 /* PBXTargetDependency */ = {
			isa = PBXTargetDependency;
			target = A8DCC0B62471818200D35B96 /* Dimichord */;
			targetProxy = A8DCC0CE2471818800D35B96 /* PBXContainerItemProxy */;
		};
		A8DCC0DA2471818800D35B96 /* PBXTargetDependency */ = {
			isa = PBXTargetDependency;
			target = A8DCC0B62471818200D35B96 /* Dimichord */;
			targetProxy = A8DCC0D92471818800D35B96 /* PBXContainerItemProxy */;
		};
/* End PBXTargetDependency section */

/* Begin PBXVariantGroup section */
		A8DCC0C52471818800D35B96 /* LaunchScreen.storyboard */ = {
			isa = PBXVariantGroup;
			children = (
				A8DCC0C62471818800D35B96 /* Base */,
			);
			name = LaunchScreen.storyboard;
			sourceTree = "<group>";
		};
/* End PBXVariantGroup section */

/* Begin XCBuildConfiguration section */
		A8DCC0DF2471818800D35B96 /* Debug */ = {
			isa = XCBuildConfiguration;
			buildSettings = {
				ALWAYS_SEARCH_USER_PATHS = NO;
				CLANG_ANALYZER_NONNULL = YES;
				CLANG_ANALYZER_NUMBER_OBJECT_CONVERSION = YES_AGGRESSIVE;
				CLANG_CXX_LANGUAGE_STANDARD = "gnu++14";
				CLANG_CXX_LIBRARY = "libc++";
				CLANG_ENABLE_MODULES = YES;
				CLANG_ENABLE_OBJC_ARC = YES;
				CLANG_ENABLE_OBJC_WEAK = YES;
				CLANG_WARN_BLOCK_CAPTURE_AUTORELEASING = YES;
				CLANG_WARN_BOOL_CONVERSION = YES;
				CLANG_WARN_COMMA = YES;
				CLANG_WARN_CONSTANT_CONVERSION = YES;
				CLANG_WARN_DEPRECATED_OBJC_IMPLEMENTATIONS = YES;
				CLANG_WARN_DIRECT_OBJC_ISA_USAGE = YES_ERROR;
				CLANG_WARN_DOCUMENTATION_COMMENTS = YES;
				CLANG_WARN_EMPTY_BODY = YES;
				CLANG_WARN_ENUM_CONVERSION = YES;
				CLANG_WARN_INFINITE_RECURSION = YES;
				CLANG_WARN_INT_CONVERSION = YES;
				CLANG_WARN_NON_LITERAL_NULL_CONVERSION = YES;
				CLANG_WARN_OBJC_IMPLICIT_RETAIN_SELF = YES;
				CLANG_WARN_OBJC_LITERAL_CONVERSION = YES;
				CLANG_WARN_OBJC_ROOT_CLASS = YES_ERROR;
				CLANG_WARN_QUOTED_INCLUDE_IN_FRAMEWORK_HEADER = YES;
				CLANG_WARN_RANGE_LOOP_ANALYSIS = YES;
				CLANG_WARN_STRICT_PROTOTYPES = YES;
				CLANG_WARN_SUSPICIOUS_MOVE = YES;
				CLANG_WARN_UNGUARDED_AVAILABILITY = YES_AGGRESSIVE;
				CLANG_WARN_UNREACHABLE_CODE = YES;
				CLANG_WARN__DUPLICATE_METHOD_MATCH = YES;
				COPY_PHASE_STRIP = NO;
				DEBUG_INFORMATION_FORMAT = dwarf;
				ENABLE_STRICT_OBJC_MSGSEND = YES;
				ENABLE_TESTABILITY = YES;
				GCC_C_LANGUAGE_STANDARD = gnu11;
				GCC_DYNAMIC_NO_PIC = NO;
				GCC_NO_COMMON_BLOCKS = YES;
				GCC_OPTIMIZATION_LEVEL = 0;
				GCC_PREPROCESSOR_DEFINITIONS = (
					"DEBUG=1",
					"$(inherited)",
				);
				GCC_WARN_64_TO_32_BIT_CONVERSION = YES;
				GCC_WARN_ABOUT_RETURN_TYPE = YES_ERROR;
				GCC_WARN_UNDECLARED_SELECTOR = YES;
				GCC_WARN_UNINITIALIZED_AUTOS = YES_AGGRESSIVE;
				GCC_WARN_UNUSED_FUNCTION = YES;
				GCC_WARN_UNUSED_VARIABLE = YES;
				IPHONEOS_DEPLOYMENT_TARGET = 13.4;
				MTL_ENABLE_DEBUG_INFO = INCLUDE_SOURCE;
				MTL_FAST_MATH = YES;
				ONLY_ACTIVE_ARCH = YES;
				"OTHER_CODE_SIGN_FLAGS[sdk=*]" = "--generate-entitlement-der";
				SDKROOT = iphoneos;
				SWIFT_ACTIVE_COMPILATION_CONDITIONS = DEBUG;
				SWIFT_OPTIMIZATION_LEVEL = "-Onone";
			};
			name = Debug;
		};
		A8DCC0E02471818800D35B96 /* Release */ = {
			isa = XCBuildConfiguration;
			buildSettings = {
				ALWAYS_SEARCH_USER_PATHS = NO;
				CLANG_ANALYZER_NONNULL = YES;
				CLANG_ANALYZER_NUMBER_OBJECT_CONVERSION = YES_AGGRESSIVE;
				CLANG_CXX_LANGUAGE_STANDARD = "gnu++14";
				CLANG_CXX_LIBRARY = "libc++";
				CLANG_ENABLE_MODULES = YES;
				CLANG_ENABLE_OBJC_ARC = YES;
				CLANG_ENABLE_OBJC_WEAK = YES;
				CLANG_WARN_BLOCK_CAPTURE_AUTORELEASING = YES;
				CLANG_WARN_BOOL_CONVERSION = YES;
				CLANG_WARN_COMMA = YES;
				CLANG_WARN_CONSTANT_CONVERSION = YES;
				CLANG_WARN_DEPRECATED_OBJC_IMPLEMENTATIONS = YES;
				CLANG_WARN_DIRECT_OBJC_ISA_USAGE = YES_ERROR;
				CLANG_WARN_DOCUMENTATION_COMMENTS = YES;
				CLANG_WARN_EMPTY_BODY = YES;
				CLANG_WARN_ENUM_CONVERSION = YES;
				CLANG_WARN_INFINITE_RECURSION = YES;
				CLANG_WARN_INT_CONVERSION = YES;
				CLANG_WARN_NON_LITERAL_NULL_CONVERSION = YES;
				CLANG_WARN_OBJC_IMPLICIT_RETAIN_SELF = YES;
				CLANG_WARN_OBJC_LITERAL_CONVERSION = YES;
				CLANG_WARN_OBJC_ROOT_CLASS = YES_ERROR;
				CLANG_WARN_QUOTED_INCLUDE_IN_FRAMEWORK_HEADER = YES;
				CLANG_WARN_RANGE_LOOP_ANALYSIS = YES;
				CLANG_WARN_STRICT_PROTOTYPES = YES;
				CLANG_WARN_SUSPICIOUS_MOVE = YES;
				CLANG_WARN_UNGUARDED_AVAILABILITY = YES_AGGRESSIVE;
				CLANG_WARN_UNREACHABLE_CODE = YES;
				CLANG_WARN__DUPLICATE_METHOD_MATCH = YES;
				COPY_PHASE_STRIP = NO;
				DEBUG_INFORMATION_FORMAT = "dwarf-with-dsym";
				ENABLE_NS_ASSERTIONS = NO;
				ENABLE_STRICT_OBJC_MSGSEND = YES;
				GCC_C_LANGUAGE_STANDARD = gnu11;
				GCC_NO_COMMON_BLOCKS = YES;
				GCC_WARN_64_TO_32_BIT_CONVERSION = YES;
				GCC_WARN_ABOUT_RETURN_TYPE = YES_ERROR;
				GCC_WARN_UNDECLARED_SELECTOR = YES;
				GCC_WARN_UNINITIALIZED_AUTOS = YES_AGGRESSIVE;
				GCC_WARN_UNUSED_FUNCTION = YES;
				GCC_WARN_UNUSED_VARIABLE = YES;
				IPHONEOS_DEPLOYMENT_TARGET = 13.4;
				MTL_ENABLE_DEBUG_INFO = NO;
				MTL_FAST_MATH = YES;
				"OTHER_CODE_SIGN_FLAGS[sdk=*]" = "--generate-entitlement-der";
				SDKROOT = iphoneos;
				SWIFT_COMPILATION_MODE = wholemodule;
				SWIFT_OPTIMIZATION_LEVEL = "-O";
				VALIDATE_PRODUCT = YES;
			};
			name = Release;
		};
		A8DCC0E22471818800D35B96 /* Debug */ = {
			isa = XCBuildConfiguration;
			buildSettings = {
				ASSETCATALOG_COMPILER_APPICON_NAME = AppIcon;
				CLANG_ENABLE_MODULES = YES;
				CODE_SIGN_STYLE = Automatic;
				DEVELOPMENT_ASSET_PATHS = "\"Dimichord/Preview Content\"";
				DEVELOPMENT_TEAM = PL9LWQQFTA;
				ENABLE_PREVIEWS = YES;
				INFOPLIST_FILE = Dimichord/Info.plist;
				LD_RUNPATH_SEARCH_PATHS = (
					"$(inherited)",
					"@executable_path/Frameworks",
				);
				PRODUCT_BUNDLE_IDENTIFIER = Mello.Vinicius.Dimichord;
				PRODUCT_NAME = "$(TARGET_NAME)";
				SWIFT_OBJC_BRIDGING_HEADER = "Dimichord/Dimichord-Bridging-Header.h";
				SWIFT_OPTIMIZATION_LEVEL = "-Onone";
				SWIFT_VERSION = 5.0;
				TARGETED_DEVICE_FAMILY = 2;
			};
			name = Debug;
		};
		A8DCC0E32471818800D35B96 /* Release */ = {
			isa = XCBuildConfiguration;
			buildSettings = {
				ASSETCATALOG_COMPILER_APPICON_NAME = AppIcon;
				CLANG_ENABLE_MODULES = YES;
				CODE_SIGN_STYLE = Automatic;
				DEVELOPMENT_ASSET_PATHS = "\"Dimichord/Preview Content\"";
				DEVELOPMENT_TEAM = PL9LWQQFTA;
				ENABLE_PREVIEWS = YES;
				INFOPLIST_FILE = Dimichord/Info.plist;
				LD_RUNPATH_SEARCH_PATHS = (
					"$(inherited)",
					"@executable_path/Frameworks",
				);
				PRODUCT_BUNDLE_IDENTIFIER = Mello.Vinicius.Dimichord;
				PRODUCT_NAME = "$(TARGET_NAME)";
				SWIFT_OBJC_BRIDGING_HEADER = "Dimichord/Dimichord-Bridging-Header.h";
				SWIFT_VERSION = 5.0;
				TARGETED_DEVICE_FAMILY = 2;
			};
			name = Release;
		};
		A8DCC0E52471818800D35B96 /* Debug */ = {
			isa = XCBuildConfiguration;
			buildSettings = {
				ALWAYS_EMBED_SWIFT_STANDARD_LIBRARIES = YES;
				BUNDLE_LOADER = "$(TEST_HOST)";
				CODE_SIGN_STYLE = Automatic;
				DEVELOPMENT_TEAM = PL9LWQQFTA;
				INFOPLIST_FILE = DimichordTests/Info.plist;
				IPHONEOS_DEPLOYMENT_TARGET = 13.4;
				LD_RUNPATH_SEARCH_PATHS = (
					"$(inherited)",
					"@executable_path/Frameworks",
					"@loader_path/Frameworks",
				);
				PRODUCT_BUNDLE_IDENTIFIER = Mello.Vinicius.DimichordTests;
				PRODUCT_NAME = "$(TARGET_NAME)";
				SWIFT_VERSION = 5.0;
				TARGETED_DEVICE_FAMILY = "1,2";
				TEST_HOST = "$(BUILT_PRODUCTS_DIR)/Dimichord.app/Dimichord";
			};
			name = Debug;
		};
		A8DCC0E62471818800D35B96 /* Release */ = {
			isa = XCBuildConfiguration;
			buildSettings = {
				ALWAYS_EMBED_SWIFT_STANDARD_LIBRARIES = YES;
				BUNDLE_LOADER = "$(TEST_HOST)";
				CODE_SIGN_STYLE = Automatic;
				DEVELOPMENT_TEAM = PL9LWQQFTA;
				INFOPLIST_FILE = DimichordTests/Info.plist;
				IPHONEOS_DEPLOYMENT_TARGET = 13.4;
				LD_RUNPATH_SEARCH_PATHS = (
					"$(inherited)",
					"@executable_path/Frameworks",
					"@loader_path/Frameworks",
				);
				PRODUCT_BUNDLE_IDENTIFIER = Mello.Vinicius.DimichordTests;
				PRODUCT_NAME = "$(TARGET_NAME)";
				SWIFT_VERSION = 5.0;
				TARGETED_DEVICE_FAMILY = "1,2";
				TEST_HOST = "$(BUILT_PRODUCTS_DIR)/Dimichord.app/Dimichord";
			};
			name = Release;
		};
		A8DCC0E82471818800D35B96 /* Debug */ = {
			isa = XCBuildConfiguration;
			buildSettings = {
				ALWAYS_EMBED_SWIFT_STANDARD_LIBRARIES = YES;
				CODE_SIGN_STYLE = Automatic;
				DEVELOPMENT_TEAM = PL9LWQQFTA;
				INFOPLIST_FILE = DimichordUITests/Info.plist;
				LD_RUNPATH_SEARCH_PATHS = (
					"$(inherited)",
					"@executable_path/Frameworks",
					"@loader_path/Frameworks",
				);
				PRODUCT_BUNDLE_IDENTIFIER = Mello.Vinicius.DimichordUITests;
				PRODUCT_NAME = "$(TARGET_NAME)";
				SWIFT_VERSION = 5.0;
				TARGETED_DEVICE_FAMILY = "1,2";
				TEST_TARGET_NAME = Dimichord;
			};
			name = Debug;
		};
		A8DCC0E92471818800D35B96 /* Release */ = {
			isa = XCBuildConfiguration;
			buildSettings = {
				ALWAYS_EMBED_SWIFT_STANDARD_LIBRARIES = YES;
				CODE_SIGN_STYLE = Automatic;
				DEVELOPMENT_TEAM = PL9LWQQFTA;
				INFOPLIST_FILE = DimichordUITests/Info.plist;
				LD_RUNPATH_SEARCH_PATHS = (
					"$(inherited)",
					"@executable_path/Frameworks",
					"@loader_path/Frameworks",
				);
				PRODUCT_BUNDLE_IDENTIFIER = Mello.Vinicius.DimichordUITests;
				PRODUCT_NAME = "$(TARGET_NAME)";
				SWIFT_VERSION = 5.0;
				TARGETED_DEVICE_FAMILY = "1,2";
				TEST_TARGET_NAME = Dimichord;
			};
			name = Release;
		};
/* End XCBuildConfiguration section */

/* Begin XCConfigurationList section */
		A8DCC0B22471818200D35B96 /* Build configuration list for PBXProject "Dimichord" */ = {
			isa = XCConfigurationList;
			buildConfigurations = (
				A8DCC0DF2471818800D35B96 /* Debug */,
				A8DCC0E02471818800D35B96 /* Release */,
			);
			defaultConfigurationIsVisible = 0;
			defaultConfigurationName = Release;
		};
		A8DCC0E12471818800D35B96 /* Build configuration list for PBXNativeTarget "Dimichord" */ = {
			isa = XCConfigurationList;
			buildConfigurations = (
				A8DCC0E22471818800D35B96 /* Debug */,
				A8DCC0E32471818800D35B96 /* Release */,
			);
			defaultConfigurationIsVisible = 0;
			defaultConfigurationName = Release;
		};
		A8DCC0E42471818800D35B96 /* Build configuration list for PBXNativeTarget "DimichordTests" */ = {
			isa = XCConfigurationList;
			buildConfigurations = (
				A8DCC0E52471818800D35B96 /* Debug */,
				A8DCC0E62471818800D35B96 /* Release */,
			);
			defaultConfigurationIsVisible = 0;
			defaultConfigurationName = Release;
		};
		A8DCC0E72471818800D35B96 /* Build configuration list for PBXNativeTarget "DimichordUITests" */ = {
			isa = XCConfigurationList;
			buildConfigurations = (
				A8DCC0E82471818800D35B96 /* Debug */,
				A8DCC0E92471818800D35B96 /* Release */,
			);
			defaultConfigurationIsVisible = 0;
			defaultConfigurationName = Release;
		};
/* End XCConfigurationList section */
	};
	rootObject = A8DCC0AF2471818200D35B96 /* Project object */;
}
